// !$*UTF8*$!
{
	archiveVersion = 1;
	classes = {
	};
	objectVersion = 48;
	objects = {

/* Begin PBXBuildFile section */
		68108B5A212592D5000B37B0 /* RSIIndicator.h in Headers */ = {isa = PBXBuildFile; fileRef = 68108B58212592D5000B37B0 /* RSIIndicator.h */; settings = {ATTRIBUTES = (Public, ); }; };
		68108B5B212592D5000B37B0 /* RSIIndicator.m in Sources */ = {isa = PBXBuildFile; fileRef = 68108B59212592D5000B37B0 /* RSIIndicator.m */; };
		68224F7E212AAA1A00CFBCE3 /* ATRIndicator.h in Headers */ = {isa = PBXBuildFile; fileRef = 68224F7C212AAA1900CFBCE3 /* ATRIndicator.h */; settings = {ATTRIBUTES = (Public, ); }; };
		68224F7F212AAA1A00CFBCE3 /* ATRIndicator.m in Sources */ = {isa = PBXBuildFile; fileRef = 68224F7D212AAA1900CFBCE3 /* ATRIndicator.m */; };
		68224F82212ACE2F00CFBCE3 /* KeltnerChannelIndicator.h in Headers */ = {isa = PBXBuildFile; fileRef = 68224F80212ACE2E00CFBCE3 /* KeltnerChannelIndicator.h */; settings = {ATTRIBUTES = (Public, ); }; };
		68224F83212ACE2F00CFBCE3 /* KeltnerChannelIndicator.m in Sources */ = {isa = PBXBuildFile; fileRef = 68224F81212ACE2F00CFBCE3 /* KeltnerChannelIndicator.m */; };
		68224F86212AEFFF00CFBCE3 /* StochRSIIndicator.h in Headers */ = {isa = PBXBuildFile; fileRef = 68224F84212AEFFF00CFBCE3 /* StochRSIIndicator.h */; settings = {ATTRIBUTES = (Public, ); }; };
		68224F87212AEFFF00CFBCE3 /* StochRSIIndicator.m in Sources */ = {isa = PBXBuildFile; fileRef = 68224F85212AEFFF00CFBCE3 /* StochRSIIndicator.m */; };
		682A33372122E9A5003CCDB6 /* SARIndicator.h in Headers */ = {isa = PBXBuildFile; fileRef = 682A33352122E9A5003CCDB6 /* SARIndicator.h */; settings = {ATTRIBUTES = (Public, ); }; };
		682A33382122E9A5003CCDB6 /* SARIndicator.m in Sources */ = {isa = PBXBuildFile; fileRef = 682A33362122E9A5003CCDB6 /* SARIndicator.m */; };
		682A333B2122F51A003CCDB6 /* EmaIndicator.h in Headers */ = {isa = PBXBuildFile; fileRef = 682A33392122F51A003CCDB6 /* EmaIndicator.h */; settings = {ATTRIBUTES = (Public, ); }; };
		682A333C2122F51A003CCDB6 /* EmaIndicator.m in Sources */ = {isa = PBXBuildFile; fileRef = 682A333A2122F51A003CCDB6 /* EmaIndicator.m */; };
		682A334021230C00003CCDB6 /* BollingerBandsIndicator.h in Headers */ = {isa = PBXBuildFile; fileRef = 682A333E21230C00003CCDB6 /* BollingerBandsIndicator.h */; settings = {ATTRIBUTES = (Public, ); }; };
		682A334121230C00003CCDB6 /* BollingerBandsIndicator.m in Sources */ = {isa = PBXBuildFile; fileRef = 682A333F21230C00003CCDB6 /* BollingerBandsIndicator.m */; };
		685F2C761FC440750061E262 /* ecn_chart.framework in Frameworks */ = {isa = PBXBuildFile; fileRef = 685F2C6C1FC440750061E262 /* ecn_chart.framework */; };
		685F2C7B1FC440750061E262 /* ecn_chartTests.m in Sources */ = {isa = PBXBuildFile; fileRef = 685F2C7A1FC440750061E262 /* ecn_chartTests.m */; };
		685F2C7D1FC440750061E262 /* ecn_chart.h in Headers */ = {isa = PBXBuildFile; fileRef = 685F2C6F1FC440750061E262 /* ecn_chart.h */; settings = {ATTRIBUTES = (Public, ); }; };
		685F2C971FC440B40061E262 /* Candle.m in Sources */ = {isa = PBXBuildFile; fileRef = 685F2C901FC440B20061E262 /* Candle.m */; };
		685F2C981FC440B40061E262 /* GraphicHost.m in Sources */ = {isa = PBXBuildFile; fileRef = 685F2C911FC440B30061E262 /* GraphicHost.m */; };
		685F2C991FC440B40061E262 /* Tick.m in Sources */ = {isa = PBXBuildFile; fileRef = 685F2C921FC440B30061E262 /* Tick.m */; };
		685F2C9C1FC442170061E262 /* GraphicHost.h in Headers */ = {isa = PBXBuildFile; fileRef = 685F2C931FC440B30061E262 /* GraphicHost.h */; settings = {ATTRIBUTES = (Public, ); }; };
		685F2C9D1FC4421A0061E262 /* Tick.h in Headers */ = {isa = PBXBuildFile; fileRef = 685F2C8F1FC440B20061E262 /* Tick.h */; settings = {ATTRIBUTES = (Public, ); }; };
		686B27592126E4F20058F142 /* GraphicParam.h in Headers */ = {isa = PBXBuildFile; fileRef = 686B27572126E4F20058F142 /* GraphicParam.h */; settings = {ATTRIBUTES = (Public, ); }; };
		686B275A2126E4F20058F142 /* GraphicParam.m in Sources */ = {isa = PBXBuildFile; fileRef = 686B27582126E4F20058F142 /* GraphicParam.m */; };
		686E61B32126A8C1005F701D /* StochasticIndicator.h in Headers */ = {isa = PBXBuildFile; fileRef = 686E61B12126A8C1005F701D /* StochasticIndicator.h */; settings = {ATTRIBUTES = (Public, ); }; };
		686E61B42126A8C1005F701D /* StochasticIndicator.m in Sources */ = {isa = PBXBuildFile; fileRef = 686E61B22126A8C1005F701D /* StochasticIndicator.m */; };
		6874D4AE2124169400EE36FA /* Graph.h in Headers */ = {isa = PBXBuildFile; fileRef = 6874D4AC2124169400EE36FA /* Graph.h */; settings = {ATTRIBUTES = (Public, ); }; };
		6874D4AF2124169400EE36FA /* Graph.m in Sources */ = {isa = PBXBuildFile; fileRef = 6874D4AD2124169400EE36FA /* Graph.m */; };
		6874D4B22124172A00EE36FA /* Graphic.h in Headers */ = {isa = PBXBuildFile; fileRef = 6874D4B02124172A00EE36FA /* Graphic.h */; settings = {ATTRIBUTES = (Public, ); }; };
		6874D4B32124172A00EE36FA /* Graphic.m in Sources */ = {isa = PBXBuildFile; fileRef = 6874D4B12124172A00EE36FA /* Graphic.m */; };
		6874D4B621243A8700EE36FA /* VerticalAxis.h in Headers */ = {isa = PBXBuildFile; fileRef = 6874D4B421243A8700EE36FA /* VerticalAxis.h */; settings = {ATTRIBUTES = (Public, ); }; };
		6874D4B721243A8700EE36FA /* VerticalAxis.m in Sources */ = {isa = PBXBuildFile; fileRef = 6874D4B521243A8700EE36FA /* VerticalAxis.m */; };
		6874D4BA21246AD200EE36FA /* MACDIndicator.h in Headers */ = {isa = PBXBuildFile; fileRef = 6874D4B821246AD200EE36FA /* MACDIndicator.h */; settings = {ATTRIBUTES = (Public, ); }; };
		6874D4BB21246AD200EE36FA /* MACDIndicator.m in Sources */ = {isa = PBXBuildFile; fileRef = 6874D4B921246AD200EE36FA /* MACDIndicator.m */; };
		687F1F0B202317A40020E2C4 /* CandleGraphic.h in Headers */ = {isa = PBXBuildFile; fileRef = 687F1F09202317A40020E2C4 /* CandleGraphic.h */; };
		687F1F0C202317A40020E2C4 /* CandleGraphic.m in Sources */ = {isa = PBXBuildFile; fileRef = 687F1F0A202317A40020E2C4 /* CandleGraphic.m */; };
		6882371D2122C3C600F414BB /* SMAIndicator.h in Headers */ = {isa = PBXBuildFile; fileRef = 6882371B2122C3C600F414BB /* SMAIndicator.h */; settings = {ATTRIBUTES = (Public, ); }; };
		6882371E2122C3C600F414BB /* SMAIndicator.m in Sources */ = {isa = PBXBuildFile; fileRef = 6882371C2122C3C600F414BB /* SMAIndicator.m */; };
		68BDA3EE20BD78A7000857D1 /* QuoteHelper.h in Headers */ = {isa = PBXBuildFile; fileRef = 68BDA3EC20BD78A7000857D1 /* QuoteHelper.h */; };
		68BDA3EF20BD78A7000857D1 /* QuoteHelper.m in Sources */ = {isa = PBXBuildFile; fileRef = 68BDA3ED20BD78A7000857D1 /* QuoteHelper.m */; };
		68DB24C81FD0125D003F73F4 /* TimeLine.h in Headers */ = {isa = PBXBuildFile; fileRef = 68DB24C61FD0125D003F73F4 /* TimeLine.h */; };
		68DB24C91FD0125D003F73F4 /* TimeLine.m in Sources */ = {isa = PBXBuildFile; fileRef = 68DB24C71FD0125D003F73F4 /* TimeLine.m */; };
		68DB24CD1FD19794003F73F4 /* PriceView.h in Headers */ = {isa = PBXBuildFile; fileRef = 68DB24CB1FD19794003F73F4 /* PriceView.h */; };
		68DB24CE1FD19794003F73F4 /* PriceView.m in Sources */ = {isa = PBXBuildFile; fileRef = 68DB24CC1FD19794003F73F4 /* PriceView.m */; };
/* End PBXBuildFile section */

/* Begin PBXContainerItemProxy section */
		685F2C771FC440750061E262 /* PBXContainerItemProxy */ = {
			isa = PBXContainerItemProxy;
			containerPortal = 685F2C631FC440750061E262 /* Project object */;
			proxyType = 1;
			remoteGlobalIDString = 685F2C6B1FC440750061E262;
			remoteInfo = "ecn-chart";
		};
/* End PBXContainerItemProxy section */

/* Begin PBXFileReference section */
		68108B58212592D5000B37B0 /* RSIIndicator.h */ = {isa = PBXFileReference; lastKnownFileType = sourcecode.c.h; path = RSIIndicator.h; sourceTree = "<group>"; };
		68108B59212592D5000B37B0 /* RSIIndicator.m */ = {isa = PBXFileReference; lastKnownFileType = sourcecode.c.objc; path = RSIIndicator.m; sourceTree = "<group>"; };
		68224F7C212AAA1900CFBCE3 /* ATRIndicator.h */ = {isa = PBXFileReference; lastKnownFileType = sourcecode.c.h; path = ATRIndicator.h; sourceTree = "<group>"; };
		68224F7D212AAA1900CFBCE3 /* ATRIndicator.m */ = {isa = PBXFileReference; lastKnownFileType = sourcecode.c.objc; path = ATRIndicator.m; sourceTree = "<group>"; };
		68224F80212ACE2E00CFBCE3 /* KeltnerChannelIndicator.h */ = {isa = PBXFileReference; lastKnownFileType = sourcecode.c.h; path = KeltnerChannelIndicator.h; sourceTree = "<group>"; };
		68224F81212ACE2F00CFBCE3 /* KeltnerChannelIndicator.m */ = {isa = PBXFileReference; lastKnownFileType = sourcecode.c.objc; path = KeltnerChannelIndicator.m; sourceTree = "<group>"; };
		68224F84212AEFFF00CFBCE3 /* StochRSIIndicator.h */ = {isa = PBXFileReference; lastKnownFileType = sourcecode.c.h; path = StochRSIIndicator.h; sourceTree = "<group>"; };
		68224F85212AEFFF00CFBCE3 /* StochRSIIndicator.m */ = {isa = PBXFileReference; lastKnownFileType = sourcecode.c.objc; path = StochRSIIndicator.m; sourceTree = "<group>"; };
		682A33352122E9A5003CCDB6 /* SARIndicator.h */ = {isa = PBXFileReference; lastKnownFileType = sourcecode.c.h; path = SARIndicator.h; sourceTree = "<group>"; };
		682A33362122E9A5003CCDB6 /* SARIndicator.m */ = {isa = PBXFileReference; lastKnownFileType = sourcecode.c.objc; path = SARIndicator.m; sourceTree = "<group>"; };
		682A33392122F51A003CCDB6 /* EmaIndicator.h */ = {isa = PBXFileReference; lastKnownFileType = sourcecode.c.h; path = EmaIndicator.h; sourceTree = "<group>"; };
		682A333A2122F51A003CCDB6 /* EmaIndicator.m */ = {isa = PBXFileReference; lastKnownFileType = sourcecode.c.objc; path = EmaIndicator.m; sourceTree = "<group>"; };
		682A333E21230C00003CCDB6 /* BollingerBandsIndicator.h */ = {isa = PBXFileReference; lastKnownFileType = sourcecode.c.h; path = BollingerBandsIndicator.h; sourceTree = "<group>"; };
		682A333F21230C00003CCDB6 /* BollingerBandsIndicator.m */ = {isa = PBXFileReference; lastKnownFileType = sourcecode.c.objc; path = BollingerBandsIndicator.m; sourceTree = "<group>"; };
		685F2C6C1FC440750061E262 /* ecn_chart.framework */ = {isa = PBXFileReference; explicitFileType = wrapper.framework; includeInIndex = 0; path = ecn_chart.framework; sourceTree = BUILT_PRODUCTS_DIR; };
		685F2C6F1FC440750061E262 /* ecn_chart.h */ = {isa = PBXFileReference; lastKnownFileType = sourcecode.c.h; path = ecn_chart.h; sourceTree = "<group>"; };
		685F2C701FC440750061E262 /* Info.plist */ = {isa = PBXFileReference; lastKnownFileType = text.plist.xml; path = Info.plist; sourceTree = "<group>"; };
		685F2C751FC440750061E262 /* ecn-chartTests.xctest */ = {isa = PBXFileReference; explicitFileType = wrapper.cfbundle; includeInIndex = 0; path = "ecn-chartTests.xctest"; sourceTree = BUILT_PRODUCTS_DIR; };
		685F2C7A1FC440750061E262 /* ecn_chartTests.m */ = {isa = PBXFileReference; lastKnownFileType = sourcecode.c.objc; path = ecn_chartTests.m; sourceTree = "<group>"; };
		685F2C7C1FC440750061E262 /* Info.plist */ = {isa = PBXFileReference; lastKnownFileType = text.plist.xml; path = Info.plist; sourceTree = "<group>"; };
		685F2C8F1FC440B20061E262 /* Tick.h */ = {isa = PBXFileReference; lastKnownFileType = sourcecode.c.h; path = Tick.h; sourceTree = "<group>"; };
		685F2C901FC440B20061E262 /* Candle.m */ = {isa = PBXFileReference; lastKnownFileType = sourcecode.c.objc; path = Candle.m; sourceTree = "<group>"; };
		685F2C911FC440B30061E262 /* GraphicHost.m */ = {isa = PBXFileReference; lastKnownFileType = sourcecode.c.objc; path = GraphicHost.m; sourceTree = "<group>"; };
		685F2C921FC440B30061E262 /* Tick.m */ = {isa = PBXFileReference; lastKnownFileType = sourcecode.c.objc; path = Tick.m; sourceTree = "<group>"; };
		685F2C931FC440B30061E262 /* GraphicHost.h */ = {isa = PBXFileReference; lastKnownFileType = sourcecode.c.h; path = GraphicHost.h; sourceTree = "<group>"; };
		685F2C951FC440B40061E262 /* Candle.h */ = {isa = PBXFileReference; lastKnownFileType = sourcecode.c.h; path = Candle.h; sourceTree = "<group>"; };
		686B27572126E4F20058F142 /* GraphicParam.h */ = {isa = PBXFileReference; lastKnownFileType = sourcecode.c.h; path = GraphicParam.h; sourceTree = "<group>"; };
		686B27582126E4F20058F142 /* GraphicParam.m */ = {isa = PBXFileReference; lastKnownFileType = sourcecode.c.objc; path = GraphicParam.m; sourceTree = "<group>"; };
		686E61B12126A8C1005F701D /* StochasticIndicator.h */ = {isa = PBXFileReference; lastKnownFileType = sourcecode.c.h; path = StochasticIndicator.h; sourceTree = "<group>"; };
		686E61B22126A8C1005F701D /* StochasticIndicator.m */ = {isa = PBXFileReference; lastKnownFileType = sourcecode.c.objc; path = StochasticIndicator.m; sourceTree = "<group>"; };
		6874D4AC2124169400EE36FA /* Graph.h */ = {isa = PBXFileReference; lastKnownFileType = sourcecode.c.h; path = Graph.h; sourceTree = "<group>"; };
		6874D4AD2124169400EE36FA /* Graph.m */ = {isa = PBXFileReference; lastKnownFileType = sourcecode.c.objc; path = Graph.m; sourceTree = "<group>"; };
		6874D4B02124172A00EE36FA /* Graphic.h */ = {isa = PBXFileReference; lastKnownFileType = sourcecode.c.h; path = Graphic.h; sourceTree = "<group>"; };
		6874D4B12124172A00EE36FA /* Graphic.m */ = {isa = PBXFileReference; lastKnownFileType = sourcecode.c.objc; path = Graphic.m; sourceTree = "<group>"; };
		6874D4B421243A8700EE36FA /* VerticalAxis.h */ = {isa = PBXFileReference; lastKnownFileType = sourcecode.c.h; path = VerticalAxis.h; sourceTree = "<group>"; };
		6874D4B521243A8700EE36FA /* VerticalAxis.m */ = {isa = PBXFileReference; lastKnownFileType = sourcecode.c.objc; path = VerticalAxis.m; sourceTree = "<group>"; };
		6874D4B821246AD200EE36FA /* MACDIndicator.h */ = {isa = PBXFileReference; lastKnownFileType = sourcecode.c.h; path = MACDIndicator.h; sourceTree = "<group>"; };
		6874D4B921246AD200EE36FA /* MACDIndicator.m */ = {isa = PBXFileReference; lastKnownFileType = sourcecode.c.objc; path = MACDIndicator.m; sourceTree = "<group>"; };
		687F1F09202317A40020E2C4 /* CandleGraphic.h */ = {isa = PBXFileReference; lastKnownFileType = sourcecode.c.h; path = CandleGraphic.h; sourceTree = "<group>"; };
		687F1F0A202317A40020E2C4 /* CandleGraphic.m */ = {isa = PBXFileReference; lastKnownFileType = sourcecode.c.objc; path = CandleGraphic.m; sourceTree = "<group>"; };
		6882371B2122C3C600F414BB /* SMAIndicator.h */ = {isa = PBXFileReference; lastKnownFileType = sourcecode.c.h; path = SMAIndicator.h; sourceTree = "<group>"; };
		6882371C2122C3C600F414BB /* SMAIndicator.m */ = {isa = PBXFileReference; lastKnownFileType = sourcecode.c.objc; path = SMAIndicator.m; sourceTree = "<group>"; };
		68BDA3EC20BD78A7000857D1 /* QuoteHelper.h */ = {isa = PBXFileReference; lastKnownFileType = sourcecode.c.h; path = QuoteHelper.h; sourceTree = "<group>"; };
		68BDA3ED20BD78A7000857D1 /* QuoteHelper.m */ = {isa = PBXFileReference; lastKnownFileType = sourcecode.c.objc; path = QuoteHelper.m; sourceTree = "<group>"; };
		68DB24C61FD0125D003F73F4 /* TimeLine.h */ = {isa = PBXFileReference; lastKnownFileType = sourcecode.c.h; path = TimeLine.h; sourceTree = "<group>"; };
		68DB24C71FD0125D003F73F4 /* TimeLine.m */ = {isa = PBXFileReference; lastKnownFileType = sourcecode.c.objc; path = TimeLine.m; sourceTree = "<group>"; };
		68DB24CB1FD19794003F73F4 /* PriceView.h */ = {isa = PBXFileReference; lastKnownFileType = sourcecode.c.h; path = PriceView.h; sourceTree = "<group>"; };
		68DB24CC1FD19794003F73F4 /* PriceView.m */ = {isa = PBXFileReference; lastKnownFileType = sourcecode.c.objc; path = PriceView.m; sourceTree = "<group>"; };
		68EF0EF620F62A53008347CC /* PrefixHeader.pch */ = {isa = PBXFileReference; lastKnownFileType = sourcecode.c.h; path = PrefixHeader.pch; sourceTree = "<group>"; };
/* End PBXFileReference section */

/* Begin PBXFrameworksBuildPhase section */
		685F2C681FC440750061E262 /* Frameworks */ = {
			isa = PBXFrameworksBuildPhase;
			buildActionMask = 2147483647;
			files = (
			);
			runOnlyForDeploymentPostprocessing = 0;
		};
		685F2C721FC440750061E262 /* Frameworks */ = {
			isa = PBXFrameworksBuildPhase;
			buildActionMask = 2147483647;
			files = (
				685F2C761FC440750061E262 /* ecn_chart.framework in Frameworks */,
			);
			runOnlyForDeploymentPostprocessing = 0;
		};
/* End PBXFrameworksBuildPhase section */

/* Begin PBXGroup section */
		685F2C621FC440750061E262 = {
			isa = PBXGroup;
			children = (
				685F2C6E1FC440750061E262 /* ecn-chart */,
				685F2C791FC440750061E262 /* ecn-chartTests */,
				685F2C6D1FC440750061E262 /* Products */,
			);
			sourceTree = "<group>";
		};
		685F2C6D1FC440750061E262 /* Products */ = {
			isa = PBXGroup;
			children = (
				685F2C6C1FC440750061E262 /* ecn_chart.framework */,
				685F2C751FC440750061E262 /* ecn-chartTests.xctest */,
			);
			name = Products;
			sourceTree = "<group>";
		};
		685F2C6E1FC440750061E262 /* ecn-chart */ = {
			isa = PBXGroup;
			children = (
				68EF0EF620F62A53008347CC /* PrefixHeader.pch */,
				6874D4AC2124169400EE36FA /* Graph.h */,
				6874D4AD2124169400EE36FA /* Graph.m */,
				6874D4B02124172A00EE36FA /* Graphic.h */,
				6874D4B12124172A00EE36FA /* Graphic.m */,
				687F1F09202317A40020E2C4 /* CandleGraphic.h */,
				687F1F0A202317A40020E2C4 /* CandleGraphic.m */,
				6874D4B421243A8700EE36FA /* VerticalAxis.h */,
				6874D4B521243A8700EE36FA /* VerticalAxis.m */,
				686B27572126E4F20058F142 /* GraphicParam.h */,
				686B27582126E4F20058F142 /* GraphicParam.m */,
				688237162122BDA000F414BB /* Indicators */,
				68BDA3EC20BD78A7000857D1 /* QuoteHelper.h */,
				68BDA3ED20BD78A7000857D1 /* QuoteHelper.m */,
				685F2C951FC440B40061E262 /* Candle.h */,
				685F2C901FC440B20061E262 /* Candle.m */,
				685F2C931FC440B30061E262 /* GraphicHost.h */,
				685F2C911FC440B30061E262 /* GraphicHost.m */,
				685F2C8F1FC440B20061E262 /* Tick.h */,
				685F2C921FC440B30061E262 /* Tick.m */,
				68DB24C61FD0125D003F73F4 /* TimeLine.h */,
				68DB24C71FD0125D003F73F4 /* TimeLine.m */,
				68DB24CB1FD19794003F73F4 /* PriceView.h */,
				68DB24CC1FD19794003F73F4 /* PriceView.m */,
				685F2C6F1FC440750061E262 /* ecn_chart.h */,
				685F2C701FC440750061E262 /* Info.plist */,
			);
			path = "ecn-chart";
			sourceTree = "<group>";
		};
		685F2C791FC440750061E262 /* ecn-chartTests */ = {
			isa = PBXGroup;
			children = (
				685F2C7A1FC440750061E262 /* ecn_chartTests.m */,
				685F2C7C1FC440750061E262 /* Info.plist */,
			);
			path = "ecn-chartTests";
			sourceTree = "<group>";
		};
		688237162122BDA000F414BB /* Indicators */ = {
			isa = PBXGroup;
			children = (
				6882371B2122C3C600F414BB /* SMAIndicator.h */,
				6882371C2122C3C600F414BB /* SMAIndicator.m */,
				682A33352122E9A5003CCDB6 /* SARIndicator.h */,
				682A33362122E9A5003CCDB6 /* SARIndicator.m */,
				682A33392122F51A003CCDB6 /* EmaIndicator.h */,
				682A333A2122F51A003CCDB6 /* EmaIndicator.m */,
				682A333E21230C00003CCDB6 /* BollingerBandsIndicator.h */,
				682A333F21230C00003CCDB6 /* BollingerBandsIndicator.m */,
				6874D4B821246AD200EE36FA /* MACDIndicator.h */,
				6874D4B921246AD200EE36FA /* MACDIndicator.m */,
				68108B58212592D5000B37B0 /* RSIIndicator.h */,
				68108B59212592D5000B37B0 /* RSIIndicator.m */,
				686E61B12126A8C1005F701D /* StochasticIndicator.h */,
				686E61B22126A8C1005F701D /* StochasticIndicator.m */,
				68224F7C212AAA1900CFBCE3 /* ATRIndicator.h */,
				68224F7D212AAA1900CFBCE3 /* ATRIndicator.m */,
				68224F80212ACE2E00CFBCE3 /* KeltnerChannelIndicator.h */,
				68224F81212ACE2F00CFBCE3 /* KeltnerChannelIndicator.m */,
				68224F84212AEFFF00CFBCE3 /* StochRSIIndicator.h */,
				68224F85212AEFFF00CFBCE3 /* StochRSIIndicator.m */,
			);
			path = Indicators;
			sourceTree = "<group>";
		};
/* End PBXGroup section */

/* Begin PBXHeadersBuildPhase section */
		685F2C691FC440750061E262 /* Headers */ = {
			isa = PBXHeadersBuildPhase;
			buildActionMask = 2147483647;
			files = (
				6882371D2122C3C600F414BB /* SMAIndicator.h in Headers */,
				6874D4AE2124169400EE36FA /* Graph.h in Headers */,
				68DB24CD1FD19794003F73F4 /* PriceView.h in Headers */,
				682A334021230C00003CCDB6 /* BollingerBandsIndicator.h in Headers */,
				6874D4B621243A8700EE36FA /* VerticalAxis.h in Headers */,
				68BDA3EE20BD78A7000857D1 /* QuoteHelper.h in Headers */,
				68224F82212ACE2F00CFBCE3 /* KeltnerChannelIndicator.h in Headers */,
				682A33372122E9A5003CCDB6 /* SARIndicator.h in Headers */,
				68108B5A212592D5000B37B0 /* RSIIndicator.h in Headers */,
				6874D4BA21246AD200EE36FA /* MACDIndicator.h in Headers */,
				687F1F0B202317A40020E2C4 /* CandleGraphic.h in Headers */,
				685F2C7D1FC440750061E262 /* ecn_chart.h in Headers */,
				682A333B2122F51A003CCDB6 /* EmaIndicator.h in Headers */,
				686E61B32126A8C1005F701D /* StochasticIndicator.h in Headers */,
				686B27592126E4F20058F142 /* GraphicParam.h in Headers */,
				685F2C9C1FC442170061E262 /* GraphicHost.h in Headers */,
				685F2C9D1FC4421A0061E262 /* Tick.h in Headers */,
				68224F7E212AAA1A00CFBCE3 /* ATRIndicator.h in Headers */,
				68DB24C81FD0125D003F73F4 /* TimeLine.h in Headers */,
				68224F86212AEFFF00CFBCE3 /* StochRSIIndicator.h in Headers */,
				6874D4B22124172A00EE36FA /* Graphic.h in Headers */,
			);
			runOnlyForDeploymentPostprocessing = 0;
		};
/* End PBXHeadersBuildPhase section */

/* Begin PBXNativeTarget section */
		685F2C6B1FC440750061E262 /* ecn-chart */ = {
			isa = PBXNativeTarget;
			buildConfigurationList = 685F2C801FC440750061E262 /* Build configuration list for PBXNativeTarget "ecn-chart" */;
			buildPhases = (
				685F2C671FC440750061E262 /* Sources */,
				685F2C681FC440750061E262 /* Frameworks */,
				685F2C691FC440750061E262 /* Headers */,
				685F2C6A1FC440750061E262 /* Resources */,
			);
			buildRules = (
			);
			dependencies = (
			);
			name = "ecn-chart";
			productName = "ecn-chart";
			productReference = 685F2C6C1FC440750061E262 /* ecn_chart.framework */;
			productType = "com.apple.product-type.framework";
		};
		685F2C741FC440750061E262 /* ecn-chartTests */ = {
			isa = PBXNativeTarget;
			buildConfigurationList = 685F2C831FC440750061E262 /* Build configuration list for PBXNativeTarget "ecn-chartTests" */;
			buildPhases = (
				685F2C711FC440750061E262 /* Sources */,
				685F2C721FC440750061E262 /* Frameworks */,
				685F2C731FC440750061E262 /* Resources */,
			);
			buildRules = (
			);
			dependencies = (
				685F2C781FC440750061E262 /* PBXTargetDependency */,
			);
			name = "ecn-chartTests";
			productName = "ecn-chartTests";
			productReference = 685F2C751FC440750061E262 /* ecn-chartTests.xctest */;
			productType = "com.apple.product-type.bundle.unit-test";
		};
/* End PBXNativeTarget section */

/* Begin PBXProject section */
		685F2C631FC440750061E262 /* Project object */ = {
			isa = PBXProject;
			attributes = {
				LastUpgradeCheck = 0900;
				ORGANIZATIONNAME = Galament;
				TargetAttributes = {
					685F2C6B1FC440750061E262 = {
						CreatedOnToolsVersion = 9.0;
						ProvisioningStyle = Automatic;
					};
					685F2C741FC440750061E262 = {
						CreatedOnToolsVersion = 9.0;
						ProvisioningStyle = Automatic;
					};
				};
			};
			buildConfigurationList = 685F2C661FC440750061E262 /* Build configuration list for PBXProject "ecn-chart" */;
			compatibilityVersion = "Xcode 8.0";
			developmentRegion = en;
			hasScannedForEncodings = 0;
			knownRegions = (
				en,
			);
			mainGroup = 685F2C621FC440750061E262;
			productRefGroup = 685F2C6D1FC440750061E262 /* Products */;
			projectDirPath = "";
			projectRoot = "";
			targets = (
				685F2C6B1FC440750061E262 /* ecn-chart */,
				685F2C741FC440750061E262 /* ecn-chartTests */,
			);
		};
/* End PBXProject section */

/* Begin PBXResourcesBuildPhase section */
		685F2C6A1FC440750061E262 /* Resources */ = {
			isa = PBXResourcesBuildPhase;
			buildActionMask = 2147483647;
			files = (
			);
			runOnlyForDeploymentPostprocessing = 0;
		};
		685F2C731FC440750061E262 /* Resources */ = {
			isa = PBXResourcesBuildPhase;
			buildActionMask = 2147483647;
			files = (
			);
			runOnlyForDeploymentPostprocessing = 0;
		};
/* End PBXResourcesBuildPhase section */

/* Begin PBXSourcesBuildPhase section */
		685F2C671FC440750061E262 /* Sources */ = {
			isa = PBXSourcesBuildPhase;
			buildActionMask = 2147483647;
			files = (
				685F2C981FC440B40061E262 /* GraphicHost.m in Sources */,
				687F1F0C202317A40020E2C4 /* CandleGraphic.m in Sources */,
				686B275A2126E4F20058F142 /* GraphicParam.m in Sources */,
				6874D4B32124172A00EE36FA /* Graphic.m in Sources */,
				68DB24CE1FD19794003F73F4 /* PriceView.m in Sources */,
				686E61B42126A8C1005F701D /* StochasticIndicator.m in Sources */,
				682A333C2122F51A003CCDB6 /* EmaIndicator.m in Sources */,
				68DB24C91FD0125D003F73F4 /* TimeLine.m in Sources */,
				685F2C991FC440B40061E262 /* Tick.m in Sources */,
				68BDA3EF20BD78A7000857D1 /* QuoteHelper.m in Sources */,
				68108B5B212592D5000B37B0 /* RSIIndicator.m in Sources */,
				68224F83212ACE2F00CFBCE3 /* KeltnerChannelIndicator.m in Sources */,
				6882371E2122C3C600F414BB /* SMAIndicator.m in Sources */,
				68224F87212AEFFF00CFBCE3 /* StochRSIIndicator.m in Sources */,
				6874D4AF2124169400EE36FA /* Graph.m in Sources */,
				68224F7F212AAA1A00CFBCE3 /* ATRIndicator.m in Sources */,
				682A33382122E9A5003CCDB6 /* SARIndicator.m in Sources */,
				6874D4BB21246AD200EE36FA /* MACDIndicator.m in Sources */,
				685F2C971FC440B40061E262 /* Candle.m in Sources */,
				682A334121230C00003CCDB6 /* BollingerBandsIndicator.m in Sources */,
				6874D4B721243A8700EE36FA /* VerticalAxis.m in Sources */,
			);
			runOnlyForDeploymentPostprocessing = 0;
		};
		685F2C711FC440750061E262 /* Sources */ = {
			isa = PBXSourcesBuildPhase;
			buildActionMask = 2147483647;
			files = (
				685F2C7B1FC440750061E262 /* ecn_chartTests.m in Sources */,
			);
			runOnlyForDeploymentPostprocessing = 0;
		};
/* End PBXSourcesBuildPhase section */

/* Begin PBXTargetDependency section */
		685F2C781FC440750061E262 /* PBXTargetDependency */ = {
			isa = PBXTargetDependency;
			target = 685F2C6B1FC440750061E262 /* ecn-chart */;
			targetProxy = 685F2C771FC440750061E262 /* PBXContainerItemProxy */;
		};
/* End PBXTargetDependency section */

/* Begin XCBuildConfiguration section */
		685F2C7E1FC440750061E262 /* Debug */ = {
			isa = XCBuildConfiguration;
			buildSettings = {
				ALWAYS_SEARCH_USER_PATHS = NO;
				CLANG_ANALYZER_NONNULL = YES;
				CLANG_ANALYZER_NUMBER_OBJECT_CONVERSION = YES_AGGRESSIVE;
				CLANG_CXX_LANGUAGE_STANDARD = "gnu++14";
				CLANG_CXX_LIBRARY = "libc++";
				CLANG_ENABLE_MODULES = YES;
				CLANG_ENABLE_OBJC_ARC = YES;
				CLANG_WARN_BLOCK_CAPTURE_AUTORELEASING = YES;
				CLANG_WARN_BOOL_CONVERSION = YES;
				CLANG_WARN_COMMA = YES;
				CLANG_WARN_CONSTANT_CONVERSION = YES;
				CLANG_WARN_DIRECT_OBJC_ISA_USAGE = YES_ERROR;
				CLANG_WARN_DOCUMENTATION_COMMENTS = YES;
				CLANG_WARN_EMPTY_BODY = YES;
				CLANG_WARN_ENUM_CONVERSION = YES;
				CLANG_WARN_INFINITE_RECURSION = YES;
				CLANG_WARN_INT_CONVERSION = YES;
				CLANG_WARN_NON_LITERAL_NULL_CONVERSION = YES;
				CLANG_WARN_OBJC_LITERAL_CONVERSION = YES;
				CLANG_WARN_OBJC_ROOT_CLASS = YES_ERROR;
				CLANG_WARN_RANGE_LOOP_ANALYSIS = YES;
				CLANG_WARN_STRICT_PROTOTYPES = YES;
				CLANG_WARN_SUSPICIOUS_MOVE = YES;
				CLANG_WARN_UNGUARDED_AVAILABILITY = YES_AGGRESSIVE;
				CLANG_WARN_UNREACHABLE_CODE = YES;
				CLANG_WARN__DUPLICATE_METHOD_MATCH = YES;
				CODE_SIGN_IDENTITY = "iPhone Developer";
				COPY_PHASE_STRIP = NO;
				CURRENT_PROJECT_VERSION = 1;
				DEBUG_INFORMATION_FORMAT = dwarf;
				ENABLE_STRICT_OBJC_MSGSEND = YES;
				ENABLE_TESTABILITY = YES;
				GCC_C_LANGUAGE_STANDARD = gnu11;
				GCC_DYNAMIC_NO_PIC = NO;
				GCC_NO_COMMON_BLOCKS = YES;
				GCC_OPTIMIZATION_LEVEL = 0;
				GCC_PREPROCESSOR_DEFINITIONS = (
					"DEBUG=1",
					"$(inherited)",
				);
				GCC_WARN_64_TO_32_BIT_CONVERSION = YES;
				GCC_WARN_ABOUT_RETURN_TYPE = YES_ERROR;
				GCC_WARN_UNDECLARED_SELECTOR = YES;
				GCC_WARN_UNINITIALIZED_AUTOS = YES_AGGRESSIVE;
				GCC_WARN_UNUSED_FUNCTION = YES;
				GCC_WARN_UNUSED_VARIABLE = YES;
				IPHONEOS_DEPLOYMENT_TARGET = 8.0;
				MTL_ENABLE_DEBUG_INFO = YES;
				ONLY_ACTIVE_ARCH = YES;
				SDKROOT = iphoneos;
				VERSIONING_SYSTEM = "apple-generic";
				VERSION_INFO_PREFIX = "";
			};
			name = Debug;
		};
		685F2C7F1FC440750061E262 /* Release */ = {
			isa = XCBuildConfiguration;
			buildSettings = {
				ALWAYS_SEARCH_USER_PATHS = NO;
				CLANG_ANALYZER_NONNULL = YES;
				CLANG_ANALYZER_NUMBER_OBJECT_CONVERSION = YES_AGGRESSIVE;
				CLANG_CXX_LANGUAGE_STANDARD = "gnu++14";
				CLANG_CXX_LIBRARY = "libc++";
				CLANG_ENABLE_MODULES = YES;
				CLANG_ENABLE_OBJC_ARC = YES;
				CLANG_WARN_BLOCK_CAPTURE_AUTORELEASING = YES;
				CLANG_WARN_BOOL_CONVERSION = YES;
				CLANG_WARN_COMMA = YES;
				CLANG_WARN_CONSTANT_CONVERSION = YES;
				CLANG_WARN_DIRECT_OBJC_ISA_USAGE = YES_ERROR;
				CLANG_WARN_DOCUMENTATION_COMMENTS = YES;
				CLANG_WARN_EMPTY_BODY = YES;
				CLANG_WARN_ENUM_CONVERSION = YES;
				CLANG_WARN_INFINITE_RECURSION = YES;
				CLANG_WARN_INT_CONVERSION = YES;
				CLANG_WARN_NON_LITERAL_NULL_CONVERSION = YES;
				CLANG_WARN_OBJC_LITERAL_CONVERSION = YES;
				CLANG_WARN_OBJC_ROOT_CLASS = YES_ERROR;
				CLANG_WARN_RANGE_LOOP_ANALYSIS = YES;
				CLANG_WARN_STRICT_PROTOTYPES = YES;
				CLANG_WARN_SUSPICIOUS_MOVE = YES;
				CLANG_WARN_UNGUARDED_AVAILABILITY = YES_AGGRESSIVE;
				CLANG_WARN_UNREACHABLE_CODE = YES;
				CLANG_WARN__DUPLICATE_METHOD_MATCH = YES;
				CODE_SIGN_IDENTITY = "iPhone Developer";
				COPY_PHASE_STRIP = NO;
				CURRENT_PROJECT_VERSION = 1;
				DEBUG_INFORMATION_FORMAT = "dwarf-with-dsym";
				ENABLE_NS_ASSERTIONS = NO;
				ENABLE_STRICT_OBJC_MSGSEND = YES;
				GCC_C_LANGUAGE_STANDARD = gnu11;
				GCC_NO_COMMON_BLOCKS = YES;
				GCC_WARN_64_TO_32_BIT_CONVERSION = YES;
				GCC_WARN_ABOUT_RETURN_TYPE = YES_ERROR;
				GCC_WARN_UNDECLARED_SELECTOR = YES;
				GCC_WARN_UNINITIALIZED_AUTOS = YES_AGGRESSIVE;
				GCC_WARN_UNUSED_FUNCTION = YES;
				GCC_WARN_UNUSED_VARIABLE = YES;
				IPHONEOS_DEPLOYMENT_TARGET = 8.0;
				MTL_ENABLE_DEBUG_INFO = NO;
				SDKROOT = iphoneos;
				VALIDATE_PRODUCT = YES;
				VERSIONING_SYSTEM = "apple-generic";
				VERSION_INFO_PREFIX = "";
			};
			name = Release;
		};
		685F2C811FC440750061E262 /* Debug */ = {
			isa = XCBuildConfiguration;
			buildSettings = {
				CODE_SIGN_IDENTITY = "";
				CODE_SIGN_STYLE = Automatic;
				DEFINES_MODULE = YES;
				DEVELOPMENT_TEAM = AGJ5JW9G25;
				DYLIB_COMPATIBILITY_VERSION = 1;
				DYLIB_CURRENT_VERSION = 1;
				DYLIB_INSTALL_NAME_BASE = "@rpath";
				GCC_PRECOMPILE_PREFIX_HEADER = YES;
				GCC_PREFIX_HEADER = "${SRCROOT}/ecn-chart/PrefixHeader.pch";
				INFOPLIST_FILE = "ecn-chart/Info.plist";
				INSTALL_PATH = "$(LOCAL_LIBRARY_DIR)/Frameworks";
				LD_RUNPATH_SEARCH_PATHS = "$(inherited) @executable_path/Frameworks @loader_path/Frameworks";
				PRODUCT_BUNDLE_IDENTIFIER = "com.galament.ecn-chart";
				PRODUCT_NAME = "$(TARGET_NAME:c99extidentifier)";
				SKIP_INSTALL = YES;
				TARGETED_DEVICE_FAMILY = "1,2";
			};
			name = Debug;
		};
		685F2C821FC440750061E262 /* Release */ = {
			isa = XCBuildConfiguration;
			buildSettings = {
				CODE_SIGN_IDENTITY = "";
				CODE_SIGN_STYLE = Automatic;
				DEFINES_MODULE = YES;
				DEVELOPMENT_TEAM = AGJ5JW9G25;
				DYLIB_COMPATIBILITY_VERSION = 1;
				DYLIB_CURRENT_VERSION = 1;
				DYLIB_INSTALL_NAME_BASE = "@rpath";
				GCC_PRECOMPILE_PREFIX_HEADER = YES;
				GCC_PREFIX_HEADER = "${SRCROOT}/ecn-chart/PrefixHeader.pch";
				INFOPLIST_FILE = "ecn-chart/Info.plist";
				INSTALL_PATH = "$(LOCAL_LIBRARY_DIR)/Frameworks";
				LD_RUNPATH_SEARCH_PATHS = "$(inherited) @executable_path/Frameworks @loader_path/Frameworks";
				PRODUCT_BUNDLE_IDENTIFIER = "com.galament.ecn-chart";
				PRODUCT_NAME = "$(TARGET_NAME:c99extidentifier)";
				SKIP_INSTALL = YES;
				TARGETED_DEVICE_FAMILY = "1,2";
			};
			name = Release;
		};
		685F2C841FC440750061E262 /* Debug */ = {
			isa = XCBuildConfiguration;
			buildSettings = {
				CODE_SIGN_STYLE = Automatic;
				DEVELOPMENT_TEAM = H9J5GR3S4T;
				INFOPLIST_FILE = "ecn-chartTests/Info.plist";
				LD_RUNPATH_SEARCH_PATHS = "$(inherited) @executable_path/Frameworks @loader_path/Frameworks";
				PRODUCT_BUNDLE_IDENTIFIER = "com.galament.ecn-chartTests";
				PRODUCT_NAME = "$(TARGET_NAME)";
				TARGETED_DEVICE_FAMILY = "1,2";
			};
			name = Debug;
		};
		685F2C851FC440750061E262 /* Release */ = {
			isa = XCBuildConfiguration;
			buildSettings = {
				CODE_SIGN_STYLE = Automatic;
				DEVELOPMENT_TEAM = H9J5GR3S4T;
				INFOPLIST_FILE = "ecn-chartTests/Info.plist";
				LD_RUNPATH_SEARCH_PATHS = "$(inherited) @executable_path/Frameworks @loader_path/Frameworks";
				PRODUCT_BUNDLE_IDENTIFIER = "com.galament.ecn-chartTests";
				PRODUCT_NAME = "$(TARGET_NAME)";
				TARGETED_DEVICE_FAMILY = "1,2";
			};
			name = Release;
		};
/* End XCBuildConfiguration section */

/* Begin XCConfigurationList section */
		685F2C661FC440750061E262 /* Build configuration list for PBXProject "ecn-chart" */ = {
			isa = XCConfigurationList;
			buildConfigurations = (
				685F2C7E1FC440750061E262 /* Debug */,
				685F2C7F1FC440750061E262 /* Release */,
			);
			defaultConfigurationIsVisible = 0;
			defaultConfigurationName = Release;
		};
		685F2C801FC440750061E262 /* Build configuration list for PBXNativeTarget "ecn-chart" */ = {
			isa = XCConfigurationList;
			buildConfigurations = (
				685F2C811FC440750061E262 /* Debug */,
				685F2C821FC440750061E262 /* Release */,
			);
			defaultConfigurationIsVisible = 0;
			defaultConfigurationName = Release;
		};
		685F2C831FC440750061E262 /* Build configuration list for PBXNativeTarget "ecn-chartTests" */ = {
			isa = XCConfigurationList;
			buildConfigurations = (
				685F2C841FC440750061E262 /* Debug */,
				685F2C851FC440750061E262 /* Release */,
			);
			defaultConfigurationIsVisible = 0;
			defaultConfigurationName = Release;
		};
/* End XCConfigurationList section */
	};
	rootObject = 685F2C631FC440750061E262 /* Project object */;
}
